<?xml version="1.0" encoding="utf-8"?>
<Project ToolsVersion="4.0" xmlns="http://schemas.microsoft.com/developer/msbuild/2003">
  <ItemGroup>
    <Filter Include="源文件">
      <UniqueIdentifier>{4FC737F1-C7A5-4376-A066-2A32D752A2FF}</UniqueIdentifier>
      <Extensions>cpp;c;cc;cxx;c++;cppm;ixx;def;odl;idl;hpj;bat;asm;asmx</Extensions>
    </Filter>
    <Filter Include="头文件">
      <UniqueIdentifier>{93995380-89BD-4b04-88EB-625FBE52EBFB}</UniqueIdentifier>
      <Extensions>h;hh;hpp;hxx;h++;hm;inl;inc;ipp;xsd</Extensions>
    </Filter>
    <Filter Include="资源文件">
      <UniqueIdentifier>{67DA6AB6-F800-4c08-8B7A-83BB121AAD01}</UniqueIdentifier>
      <Extensions>rc;ico;cur;bmp;dlg;rc2;rct;bin;rgs;gif;jpg;jpeg;jpe;resx;tiff;tif;png;wav;mfcribbon-ms</Extensions>
    </Filter>
    <Filter Include="ThirdParty">
      <UniqueIdentifier>{2210fb98-3c81-47ff-b90b-376ece9b5a41}</UniqueIdentifier>
    </Filter>
    <Filter Include="ThirdParty\ImGui">
      <UniqueIdentifier>{c4c257a7-9afd-4c30-bbf0-af6e05fa8dc2}</UniqueIdentifier>
    </Filter>
    <Filter Include="ThirdParty\ImGui\Backends">
      <UniqueIdentifier>{a524dfb2-aeb2-4a80-9308-2ac62a1557aa}</UniqueIdentifier>
    </Filter>
    <Filter Include="Source">
      <UniqueIdentifier>{a9e27c3d-dd24-4067-af04-c63a8c34ceae}</UniqueIdentifier>
    </Filter>
    <Filter Include="Source\Core">
      <UniqueIdentifier>{98910ad1-2572-40a2-855d-a39a19c67faf}</UniqueIdentifier>
    </Filter>
    <Filter Include="Source\DX12">
      <UniqueIdentifier>{5d059853-bf31-4c49-967c-0e8c60005e45}</UniqueIdentifier>
    </Filter>
    <Filter Include="Source\App">
      <UniqueIdentifier>{1f7a258f-3c42-4a1c-a0d5-60396e567c7b}</UniqueIdentifier>
    </Filter>
    <Filter Include="Source\Timer">
      <UniqueIdentifier>{f5e59e8c-ceac-494c-b817-51f6d7b1b720}</UniqueIdentifier>
    </Filter>
    <Filter Include="Source\Shaders">
      <UniqueIdentifier>{afae8fc7-72b6-46af-be2d-c8616b9fe866}</UniqueIdentifier>
    </Filter>
    <Filter Include="Source\Renderer">
      <UniqueIdentifier>{704da267-f6fd-4fbf-861c-cbee9c82591a}</UniqueIdentifier>
    </Filter>
    <Filter Include="Source\Renderer\Core">
      <UniqueIdentifier>{ce6b8c44-850d-467a-a59b-0931d5de95bf}</UniqueIdentifier>
    </Filter>
    <Filter Include="Source\Renderer\Resources">
      <UniqueIdentifier>{1e88a75b-4988-4a46-92d3-fe58f584be3b}</UniqueIdentifier>
    </Filter>
    <Filter Include="Source\LittleTool">
      <UniqueIdentifier>{b6842c30-4360-4354-86d8-c3a192d2c2be}</UniqueIdentifier>
    </Filter>
  </ItemGroup>
  <ItemGroup>
    <ClCompile Include="Source\Core\KJApp.cpp">
      <Filter>Source\Core</Filter>
    </ClCompile>
    <ClCompile Include="Source\Core\KJUtil.cpp">
      <Filter>Source\Core</Filter>
    </ClCompile>
    <ClCompile Include="Source\DX12\DX12DepthStencilBuffer.cpp">
      <Filter>Source\DX12</Filter>
    </ClCompile>
    <ClCompile Include="Source\DX12\DX12DescriptorHeap.cpp">
      <Filter>Source\DX12</Filter>
    </ClCompile>
    <ClCompile Include="Source\DX12\DX12Device.cpp">
      <Filter>Source\DX12</Filter>
    </ClCompile>
    <ClCompile Include="Source\DX12\DX12Fence.cpp">
      <Filter>Source\DX12</Filter>
    </ClCompile>
    <ClCompile Include="Source\DX12\DX12SwapChain.cpp">
      <Filter>Source\DX12</Filter>
    </ClCompile>
    <ClCompile Include="Source\DX12\DX12Viewport.cpp">
      <Filter>Source\DX12</Filter>
    </ClCompile>
    <ClCompile Include="Source\DX12\DX12ViewportUtils.cpp">
      <Filter>Source\DX12</Filter>
    </ClCompile>
    <ClCompile Include="Source\App\main.cpp">
      <Filter>Source\App</Filter>
    </ClCompile>
    <ClCompile Include="Source\App\TestApp.cpp">
      <Filter>Source\App</Filter>
    </ClCompile>
    <ClCompile Include="Source\Timer\GameTimer.cpp">
      <Filter>Source\Timer</Filter>
    </ClCompile>
    <ClCompile Include="Source\Timer\PerformanceTimer.cpp">
      <Filter>Source\Timer</Filter>
    </ClCompile>
    <ClCompile Include="ThirdParty\imgui\backends\imgui_impl_dx12.cpp">
      <Filter>ThirdParty\ImGui\Backends</Filter>
    </ClCompile>
    <ClCompile Include="ThirdParty\imgui\backends\imgui_impl_win32.cpp">
      <Filter>ThirdParty\ImGui\Backends</Filter>
    </ClCompile>
    <ClCompile Include="Source\App\EditorApp.cpp">
      <Filter>Source\App</Filter>
    </ClCompile>
    <ClCompile Include="ThirdParty\imgui\imgui.cpp">
      <Filter>ThirdParty\ImGui</Filter>
    </ClCompile>
    <ClCompile Include="ThirdParty\imgui\imgui_demo.cpp">
      <Filter>ThirdParty\ImGui</Filter>
    </ClCompile>
    <ClCompile Include="ThirdParty\imgui\imgui_draw.cpp">
      <Filter>ThirdParty\ImGui</Filter>
    </ClCompile>
    <ClCompile Include="ThirdParty\imgui\imgui_tables.cpp">
      <Filter>ThirdParty\ImGui</Filter>
    </ClCompile>
    <ClCompile Include="ThirdParty\imgui\imgui_widgets.cpp">
      <Filter>ThirdParty\ImGui</Filter>
    </ClCompile>
    <ClCompile Include="Source\Renderer\Core\ShaderManager.cpp">
      <Filter>Source\Renderer\Core</Filter>
    </ClCompile>
    <ClCompile Include="Source\Renderer\Resources\VertexLayout.cpp">
      <Filter>Source\Renderer\Resources</Filter>
    </ClCompile>
    <ClCompile Include="Source\Renderer\Resources\VertexComponents.cpp">
      <Filter>Source\Renderer\Resources</Filter>
    </ClCompile>
    <ClCompile Include="Source\Renderer\Resources\Vertex.cpp">
      <Filter>Source\Renderer\Resources</Filter>
    </ClCompile>
    <ClCompile Include="Source\Renderer\Resources\VertexFactory.cpp">
      <Filter>Source\Renderer\Resources</Filter>
    </ClCompile>
  </ItemGroup>
  <ItemGroup>
    <ClInclude Include="ThirdParty\imgui\imconfig.h">
      <Filter>ThirdParty\ImGui</Filter>
    </ClInclude>
    <ClInclude Include="Source\Core\KJApp.h">
      <Filter>Source\Core</Filter>
    </ClInclude>
    <ClInclude Include="Source\Core\KJUtil.h">
      <Filter>Source\Core</Filter>
    </ClInclude>
    <ClInclude Include="Source\DX12\DX12DepthStencilBuffer.h">
      <Filter>Source\DX12</Filter>
    </ClInclude>
    <ClInclude Include="Source\DX12\DX12DescriptorHeap.h">
      <Filter>Source\DX12</Filter>
    </ClInclude>
    <ClInclude Include="Source\DX12\DX12Device.h">
      <Filter>Source\DX12</Filter>
    </ClInclude>
    <ClInclude Include="Source\DX12\DX12Fence.h">
      <Filter>Source\DX12</Filter>
    </ClInclude>
    <ClInclude Include="Source\DX12\DX12SwapChain.h">
      <Filter>Source\DX12</Filter>
    </ClInclude>
    <ClInclude Include="Source\DX12\DX12Viewport.h">
      <Filter>Source\DX12</Filter>
    </ClInclude>
    <ClInclude Include="Source\DX12\DX12ViewportUtils.h">
      <Filter>Source\DX12</Filter>
    </ClInclude>
    <ClInclude Include="Source\App\TestApp.h">
      <Filter>Source\App</Filter>
    </ClInclude>
    <ClInclude Include="Source\Timer\GameTimer.h">
      <Filter>Source\Timer</Filter>
    </ClInclude>
    <ClInclude Include="Source\Timer\PerformanceTimer.h">
      <Filter>Source\Timer</Filter>
    </ClInclude>
    <ClInclude Include="ThirdParty\imgui\backends\imgui_impl_dx12.h">
      <Filter>ThirdParty\ImGui\Backends</Filter>
    </ClInclude>
    <ClInclude Include="ThirdParty\imgui\backends\imgui_impl_win32.h">
      <Filter>ThirdParty\ImGui\Backends</Filter>
    </ClInclude>
    <ClInclude Include="Source\App\EditorApp.h">
      <Filter>Source\App</Filter>
    </ClInclude>
    <ClInclude Include="ThirdParty\imgui\imgui.h">
      <Filter>ThirdParty\ImGui</Filter>
    </ClInclude>
    <ClInclude Include="ThirdParty\imgui\imgui_internal.h">
      <Filter>ThirdParty\ImGui</Filter>
    </ClInclude>
    <ClInclude Include="ThirdParty\imgui\imstb_rectpack.h">
      <Filter>ThirdParty\ImGui</Filter>
    </ClInclude>
    <ClInclude Include="ThirdParty\imgui\imstb_textedit.h">
      <Filter>ThirdParty\ImGui</Filter>
    </ClInclude>
    <ClInclude Include="ThirdParty\imgui\imstb_truetype.h">
      <Filter>ThirdParty\ImGui</Filter>
    </ClInclude>
    <ClInclude Include="Source\Renderer\Core\ShaderManager.h">
      <Filter>Source\Renderer\Core</Filter>
    </ClInclude>
    <ClInclude Include="Source\Renderer\Resources\VertexLayout.h">
      <Filter>Source\Renderer\Resources</Filter>
    </ClInclude>
    <ClInclude Include="Source\Renderer\Resources\VertexComponents.h">
      <Filter>Source\Renderer\Resources</Filter>
    </ClInclude>
    <ClInclude Include="Source\Renderer\Resources\VertexFactory.h">
      <Filter>Source\Renderer\Resources</Filter>
    </ClInclude>
    <ClInclude Include="Source\Renderer\Resources\Vertex.h">
      <Filter>Source\Renderer\Resources</Filter>
    </ClInclude>
  </ItemGroup>
  <ItemGroup>
    <None Include="ClassDiagram.cd" />
  </ItemGroup>
  <ItemGroup>
    <FxCompile Include="Source\Shaders\BasicPS.hlsl">
      <Filter>Source\Shaders</Filter>
    </FxCompile>
    <FxCompile Include="Source\Shaders\BasicVS.hlsl">
      <Filter>Source\Shaders</Filter>
    </FxCompile>
  </ItemGroup>
</Project>